
Microsoft Visual Studio Solution File, Format Version 12.00
# Visual Studio Version 17
VisualStudioVersion = 17.7.34202.233
MinimumVisualStudioVersion = 10.0.40219.1
Project("{FAE04EC0-301F-11D3-BF4B-00C04F79EFBC}") = "test5", "test5\test5.csproj", "{743D7F7C-A7FF-474D-93FF-71E9BA2D4CA7}"
EndProject
Global
	GlobalSection(SolutionConfigurationPlatforms) = preSolution
		Debug|Any CPU = Debug|Any CPU
		Release|Any CPU = Release|Any CPU
	EndGlobalSection
	GlobalSection(ProjectConfigurationPlatforms) = postSolution
		{743D7F7C-A7FF-474D-93FF-71E9BA2D4CA7}.Debug|Any CPU.ActiveCfg = Debug|Any CPU
		{743D7F7C-A7FF-474D-93FF-71E9BA2D4CA7}.Debug|Any CPU.Build.0 = Debug|Any CPU
		{743D7F7C-A7FF-474D-93FF-71E9BA2D4CA7}.Release|Any CPU.ActiveCfg = Release|Any CPU
		{743D7F7C-A7FF-474D-93FF-71E9BA2D4CA7}.Release|Any CPU.Build.0 = Release|Any CPU
	EndGlobalSection
	GlobalSection(SolutionProperties) = preSolution
		HideSolutionNode = FALSE
	EndGlobalSection
	GlobalSection(ExtensibilityGlobals) = postSolution
		SolutionGuid = {E6D94A15-831C-4AB0-9180-7C680F03E43C}
	EndGlobalSection
EndGlobal
